// !$*UTF8*$!
{
	archiveVersion = 1;
	classes = {
	};
	objectVersion = 56;
	objects = {

/* Begin PBXBuildFile section */
		832DB25D2AE3E6220059C59A /* AppDelegate.swift in Sources */ = {isa = PBXBuildFile; fileRef = 832DB25C2AE3E6220059C59A /* AppDelegate.swift */; };
		832DB25F2AE3E6220059C59A /* SceneDelegate.swift in Sources */ = {isa = PBXBuildFile; fileRef = 832DB25E2AE3E6220059C59A /* SceneDelegate.swift */; };
		832DB2612AE3E6220059C59A /* MapViewController.swift in Sources */ = {isa = PBXBuildFile; fileRef = 832DB2602AE3E6220059C59A /* MapViewController.swift */; };
		832DB2642AE3E6220059C59A /* Main.storyboard in Resources */ = {isa = PBXBuildFile; fileRef = 832DB2622AE3E6220059C59A /* Main.storyboard */; };
		832DB2662AE3E62B0059C59A /* Assets.xcassets in Resources */ = {isa = PBXBuildFile; fileRef = 832DB2652AE3E62B0059C59A /* Assets.xcassets */; };
		832DB2692AE3E62B0059C59A /* LaunchScreen.storyboard in Resources */ = {isa = PBXBuildFile; fileRef = 832DB2672AE3E62B0059C59A /* LaunchScreen.storyboard */; };
		832DB2742AE3F8050059C59A /* AddPinViewController.swift in Sources */ = {isa = PBXBuildFile; fileRef = 832DB2732AE3F8050059C59A /* AddPinViewController.swift */; };
		835D041B2AED51E500A329D6 /* EVProfileHeaderTableViewCell.swift in Sources */ = {isa = PBXBuildFile; fileRef = 835D04192AED51E500A329D6 /* EVProfileHeaderTableViewCell.swift */; };
		835D041C2AED51E500A329D6 /* EVProfileHeaderTableViewCell.xib in Resources */ = {isa = PBXBuildFile; fileRef = 835D041A2AED51E500A329D6 /* EVProfileHeaderTableViewCell.xib */; };
		838D08602AEE2042005F28C3 /* HubModel.swift in Sources */ = {isa = PBXBuildFile; fileRef = 838D085F2AEE2042005F28C3 /* HubModel.swift */; };
		838D08622AEE5C1A005F28C3 /* EVProfileViewModel.swift in Sources */ = {isa = PBXBuildFile; fileRef = 838D08612AEE5C1A005F28C3 /* EVProfileViewModel.swift */; };
		83A35D3C2AE8E5A2005B1D1E /* InitialViewController.swift in Sources */ = {isa = PBXBuildFile; fileRef = 83A35D3B2AE8E5A2005B1D1E /* InitialViewController.swift */; };
		83A35D422AE90095005B1D1E /* UserModel.swift in Sources */ = {isa = PBXBuildFile; fileRef = 83A35D412AE90095005B1D1E /* UserModel.swift */; };
		83A815602AEBD49300ECEF48 /* EVProfileViewController.swift in Sources */ = {isa = PBXBuildFile; fileRef = 83A8155F2AEBD49300ECEF48 /* EVProfileViewController.swift */; };
		83A815662AEBD9F100ECEF48 /* EVTableViewCell.swift in Sources */ = {isa = PBXBuildFile; fileRef = 83A815642AEBD9F100ECEF48 /* EVTableViewCell.swift */; };
		83A815672AEBD9F100ECEF48 /* EVTableViewCell.xib in Resources */ = {isa = PBXBuildFile; fileRef = 83A815652AEBD9F100ECEF48 /* EVTableViewCell.xib */; };
		83ABC2732AE6A1C10090818C /* UserDefaultsManager.swift in Sources */ = {isa = PBXBuildFile; fileRef = 83ABC2722AE6A1C10090818C /* UserDefaultsManager.swift */; };
		83C183332AE78CED00AD32CB /* CustomAnnotation.swift in Sources */ = {isa = PBXBuildFile; fileRef = 83C183322AE78CED00AD32CB /* CustomAnnotation.swift */; };
		83C183352AE7C4ED00AD32CB /* MapViewModel.swift in Sources */ = {isa = PBXBuildFile; fileRef = 83C183342AE7C4ED00AD32CB /* MapViewModel.swift */; };
		83C75F592AE8D42300A343D1 /* Extension.swift in Sources */ = {isa = PBXBuildFile; fileRef = 83C75F582AE8D42300A343D1 /* Extension.swift */; };
		83C75F5B2AE8D46D00A343D1 /* EVHelper.swift in Sources */ = {isa = PBXBuildFile; fileRef = 83C75F5A2AE8D46D00A343D1 /* EVHelper.swift */; };
		83C75F5D2AE8D4DE00A343D1 /* AlertControllerManager.swift in Sources */ = {isa = PBXBuildFile; fileRef = 83C75F5C2AE8D4DE00A343D1 /* AlertControllerManager.swift */; };
		83C75F5F2AE8D6EE00A343D1 /* LoginViewController.swift in Sources */ = {isa = PBXBuildFile; fileRef = 83C75F5E2AE8D6EE00A343D1 /* LoginViewController.swift */; };
		83C75F612AE8D70600A343D1 /* SignUpViewController.swift in Sources */ = {isa = PBXBuildFile; fileRef = 83C75F602AE8D70600A343D1 /* SignUpViewController.swift */; };
		83C75F632AE8D7E500A343D1 /* SignUpViewModel.swift in Sources */ = {isa = PBXBuildFile; fileRef = 83C75F622AE8D7E500A343D1 /* SignUpViewModel.swift */; };
		83C75F652AE8D7F500A343D1 /* LoginViewModel.swift in Sources */ = {isa = PBXBuildFile; fileRef = 83C75F642AE8D7F500A343D1 /* LoginViewModel.swift */; };
		83D4371E2AED5B3A005F494F /* LaunchScreenViewControler.swift in Sources */ = {isa = PBXBuildFile; fileRef = 83D4371D2AED5B3A005F494F /* LaunchScreenViewControler.swift */; };
/* End PBXBuildFile section */

/* Begin PBXFileReference section */
		832DB2592AE3E6220059C59A /* EvHuB.app */ = {isa = PBXFileReference; explicitFileType = wrapper.application; includeInIndex = 0; path = EvHuB.app; sourceTree = BUILT_PRODUCTS_DIR; };
		832DB25C2AE3E6220059C59A /* AppDelegate.swift */ = {isa = PBXFileReference; lastKnownFileType = sourcecode.swift; path = AppDelegate.swift; sourceTree = "<group>"; };
		832DB25E2AE3E6220059C59A /* SceneDelegate.swift */ = {isa = PBXFileReference; lastKnownFileType = sourcecode.swift; path = SceneDelegate.swift; sourceTree = "<group>"; };
		832DB2602AE3E6220059C59A /* MapViewController.swift */ = {isa = PBXFileReference; lastKnownFileType = sourcecode.swift; path = MapViewController.swift; sourceTree = "<group>"; };
		832DB2632AE3E6220059C59A /* Base */ = {isa = PBXFileReference; lastKnownFileType = file.storyboard; name = Base; path = Base.lproj/Main.storyboard; sourceTree = "<group>"; };
		832DB2652AE3E62B0059C59A /* Assets.xcassets */ = {isa = PBXFileReference; lastKnownFileType = folder.assetcatalog; path = Assets.xcassets; sourceTree = "<group>"; };
		832DB2682AE3E62B0059C59A /* Base */ = {isa = PBXFileReference; lastKnownFileType = file.storyboard; name = Base; path = Base.lproj/LaunchScreen.storyboard; sourceTree = "<group>"; };
		832DB26A2AE3E62B0059C59A /* Info.plist */ = {isa = PBXFileReference; lastKnownFileType = text.plist.xml; path = Info.plist; sourceTree = "<group>"; };
		832DB2732AE3F8050059C59A /* AddPinViewController.swift */ = {isa = PBXFileReference; lastKnownFileType = sourcecode.swift; path = AddPinViewController.swift; sourceTree = "<group>"; };
		835D04192AED51E500A329D6 /* EVProfileHeaderTableViewCell.swift */ = {isa = PBXFileReference; lastKnownFileType = sourcecode.swift; path = EVProfileHeaderTableViewCell.swift; sourceTree = "<group>"; };
		835D041A2AED51E500A329D6 /* EVProfileHeaderTableViewCell.xib */ = {isa = PBXFileReference; lastKnownFileType = file.xib; path = EVProfileHeaderTableViewCell.xib; sourceTree = "<group>"; };
		838D085F2AEE2042005F28C3 /* HubModel.swift */ = {isa = PBXFileReference; lastKnownFileType = sourcecode.swift; path = HubModel.swift; sourceTree = "<group>"; };
		838D08612AEE5C1A005F28C3 /* EVProfileViewModel.swift */ = {isa = PBXFileReference; lastKnownFileType = sourcecode.swift; path = EVProfileViewModel.swift; sourceTree = "<group>"; };
		83A35D3B2AE8E5A2005B1D1E /* InitialViewController.swift */ = {isa = PBXFileReference; lastKnownFileType = sourcecode.swift; path = InitialViewController.swift; sourceTree = "<group>"; };
		83A35D412AE90095005B1D1E /* UserModel.swift */ = {isa = PBXFileReference; lastKnownFileType = sourcecode.swift; path = UserModel.swift; sourceTree = "<group>"; };
		83A8155F2AEBD49300ECEF48 /* EVProfileViewController.swift */ = {isa = PBXFileReference; lastKnownFileType = sourcecode.swift; path = EVProfileViewController.swift; sourceTree = "<group>"; };
		83A815642AEBD9F100ECEF48 /* EVTableViewCell.swift */ = {isa = PBXFileReference; lastKnownFileType = sourcecode.swift; path = EVTableViewCell.swift; sourceTree = "<group>"; };
		83A815652AEBD9F100ECEF48 /* EVTableViewCell.xib */ = {isa = PBXFileReference; lastKnownFileType = file.xib; path = EVTableViewCell.xib; sourceTree = "<group>"; };
		83ABC2722AE6A1C10090818C /* UserDefaultsManager.swift */ = {isa = PBXFileReference; lastKnownFileType = sourcecode.swift; path = UserDefaultsManager.swift; sourceTree = "<group>"; };
		83C183322AE78CED00AD32CB /* CustomAnnotation.swift */ = {isa = PBXFileReference; lastKnownFileType = sourcecode.swift; path = CustomAnnotation.swift; sourceTree = "<group>"; };
		83C183342AE7C4ED00AD32CB /* MapViewModel.swift */ = {isa = PBXFileReference; lastKnownFileType = sourcecode.swift; path = MapViewModel.swift; sourceTree = "<group>"; };
		83C75F582AE8D42300A343D1 /* Extension.swift */ = {isa = PBXFileReference; lastKnownFileType = sourcecode.swift; path = Extension.swift; sourceTree = "<group>"; };
		83C75F5A2AE8D46D00A343D1 /* EVHelper.swift */ = {isa = PBXFileReference; lastKnownFileType = sourcecode.swift; path = EVHelper.swift; sourceTree = "<group>"; };
		83C75F5C2AE8D4DE00A343D1 /* AlertControllerManager.swift */ = {isa = PBXFileReference; lastKnownFileType = sourcecode.swift; path = AlertControllerManager.swift; sourceTree = "<group>"; };
		83C75F5E2AE8D6EE00A343D1 /* LoginViewController.swift */ = {isa = PBXFileReference; lastKnownFileType = sourcecode.swift; path = LoginViewController.swift; sourceTree = "<group>"; };
		83C75F602AE8D70600A343D1 /* SignUpViewController.swift */ = {isa = PBXFileReference; lastKnownFileType = sourcecode.swift; path = SignUpViewController.swift; sourceTree = "<group>"; };
		83C75F622AE8D7E500A343D1 /* SignUpViewModel.swift */ = {isa = PBXFileReference; lastKnownFileType = sourcecode.swift; path = SignUpViewModel.swift; sourceTree = "<group>"; };
		83C75F642AE8D7F500A343D1 /* LoginViewModel.swift */ = {isa = PBXFileReference; lastKnownFileType = sourcecode.swift; path = LoginViewModel.swift; sourceTree = "<group>"; };
		83D4371D2AED5B3A005F494F /* LaunchScreenViewControler.swift */ = {isa = PBXFileReference; lastKnownFileType = sourcecode.swift; path = LaunchScreenViewControler.swift; sourceTree = "<group>"; };
/* End PBXFileReference section */

/* Begin PBXFrameworksBuildPhase section */
		832DB2562AE3E6220059C59A /* Frameworks */ = {
			isa = PBXFrameworksBuildPhase;
			buildActionMask = 2147483647;
			files = (
			);
			runOnlyForDeploymentPostprocessing = 0;
		};
/* End PBXFrameworksBuildPhase section */

/* Begin PBXGroup section */
		832DB2502AE3E6220059C59A = {
			isa = PBXGroup;
			children = (
				832DB25B2AE3E6220059C59A /* EvHuB */,
				832DB25A2AE3E6220059C59A /* Products */,
			);
			sourceTree = "<group>";
		};
		832DB25A2AE3E6220059C59A /* Products */ = {
			isa = PBXGroup;
			children = (
				832DB2592AE3E6220059C59A /* EvHuB.app */,
			);
			name = Products;
			sourceTree = "<group>";
		};
		832DB25B2AE3E6220059C59A /* EvHuB */ = {
			isa = PBXGroup;
			children = (
				832DB2702AE3F78D0059C59A /* Model */,
				832DB2712AE3F7A30059C59A /* View */,
				832DB2722AE3F7AB0059C59A /* ViewModel */,
				83ABC2712AE6A1A80090818C /* Manager */,
				83A815612AEBD98C00ECEF48 /* XiB */,
				83C75F572AE8D3B900A343D1 /* HelperFile */,
				832DB25C2AE3E6220059C59A /* AppDelegate.swift */,
				832DB25E2AE3E6220059C59A /* SceneDelegate.swift */,
				832DB2622AE3E6220059C59A /* Main.storyboard */,
				832DB2652AE3E62B0059C59A /* Assets.xcassets */,
				832DB2672AE3E62B0059C59A /* LaunchScreen.storyboard */,
				832DB26A2AE3E62B0059C59A /* Info.plist */,
			);
			path = EvHuB;
			sourceTree = "<group>";
		};
		832DB2702AE3F78D0059C59A /* Model */ = {
			isa = PBXGroup;
			children = (
				83C183322AE78CED00AD32CB /* CustomAnnotation.swift */,
				83A35D412AE90095005B1D1E /* UserModel.swift */,
				838D085F2AEE2042005F28C3 /* HubModel.swift */,
			);
			path = Model;
			sourceTree = "<group>";
		};
		832DB2712AE3F7A30059C59A /* View */ = {
			isa = PBXGroup;
			children = (
				83D4371D2AED5B3A005F494F /* LaunchScreenViewControler.swift */,
				83A35D3A2AE8E471005B1D1E /* AuthViews */,
				832DB2602AE3E6220059C59A /* MapViewController.swift */,
				832DB2732AE3F8050059C59A /* AddPinViewController.swift */,
				83A8155F2AEBD49300ECEF48 /* EVProfileViewController.swift */,
			);
			path = View;
			sourceTree = "<group>";
		};
		832DB2722AE3F7AB0059C59A /* ViewModel */ = {
			isa = PBXGroup;
			children = (
				83C183342AE7C4ED00AD32CB /* MapViewModel.swift */,
				83C75F622AE8D7E500A343D1 /* SignUpViewModel.swift */,
				83C75F642AE8D7F500A343D1 /* LoginViewModel.swift */,
				838D08612AEE5C1A005F28C3 /* EVProfileViewModel.swift */,
			);
			path = ViewModel;
			sourceTree = "<group>";
		};
		83A35D3A2AE8E471005B1D1E /* AuthViews */ = {
			isa = PBXGroup;
			children = (
				83A35D3B2AE8E5A2005B1D1E /* InitialViewController.swift */,
				83C75F5E2AE8D6EE00A343D1 /* LoginViewController.swift */,
				83C75F602AE8D70600A343D1 /* SignUpViewController.swift */,
			);
			path = AuthViews;
			sourceTree = "<group>";
		};
		83A815612AEBD98C00ECEF48 /* XiB */ = {
			isa = PBXGroup;
			children = (
				83A815642AEBD9F100ECEF48 /* EVTableViewCell.swift */,
				83A815652AEBD9F100ECEF48 /* EVTableViewCell.xib */,
				835D04192AED51E500A329D6 /* EVProfileHeaderTableViewCell.swift */,
				835D041A2AED51E500A329D6 /* EVProfileHeaderTableViewCell.xib */,
			);
			path = XiB;
			sourceTree = "<group>";
		};
		83ABC2712AE6A1A80090818C /* Manager */ = {
			isa = PBXGroup;
			children = (
				83ABC2722AE6A1C10090818C /* UserDefaultsManager.swift */,
				83C75F5C2AE8D4DE00A343D1 /* AlertControllerManager.swift */,
			);
			path = Manager;
			sourceTree = "<group>";
		};
		83C75F572AE8D3B900A343D1 /* HelperFile */ = {
			isa = PBXGroup;
			children = (
				83C75F582AE8D42300A343D1 /* Extension.swift */,
				83C75F5A2AE8D46D00A343D1 /* EVHelper.swift */,
			);
			path = HelperFile;
			sourceTree = "<group>";
		};
/* End PBXGroup section */

/* Begin PBXNativeTarget section */
		832DB2582AE3E6220059C59A /* EvHuB */ = {
			isa = PBXNativeTarget;
			buildConfigurationList = 832DB26D2AE3E62C0059C59A /* Build configuration list for PBXNativeTarget "EvHuB" */;
			buildPhases = (
				832DB2552AE3E6220059C59A /* Sources */,
				832DB2562AE3E6220059C59A /* Frameworks */,
				832DB2572AE3E6220059C59A /* Resources */,
			);
			buildRules = (
			);
			dependencies = (
			);
			name = EvHuB;
			productName = EvHuB;
			productReference = 832DB2592AE3E6220059C59A /* EvHuB.app */;
			productType = "com.apple.product-type.application";
		};
/* End PBXNativeTarget section */

/* Begin PBXProject section */
		832DB2512AE3E6220059C59A /* Project object */ = {
			isa = PBXProject;
			attributes = {
				BuildIndependentTargetsInParallel = 1;
				LastSwiftUpdateCheck = 1420;
				LastUpgradeCheck = 1420;
				TargetAttributes = {
					832DB2582AE3E6220059C59A = {
						CreatedOnToolsVersion = 14.2;
					};
				};
			};
			buildConfigurationList = 832DB2542AE3E6220059C59A /* Build configuration list for PBXProject "EvHuB" */;
			compatibilityVersion = "Xcode 14.0";
			developmentRegion = en;
			hasScannedForEncodings = 0;
			knownRegions = (
				en,
				Base,
			);
			mainGroup = 832DB2502AE3E6220059C59A;
			productRefGroup = 832DB25A2AE3E6220059C59A /* Products */;
			projectDirPath = "";
			projectRoot = "";
			targets = (
				832DB2582AE3E6220059C59A /* EvHuB */,
			);
		};
/* End PBXProject section */

/* Begin PBXResourcesBuildPhase section */
		832DB2572AE3E6220059C59A /* Resources */ = {
			isa = PBXResourcesBuildPhase;
			buildActionMask = 2147483647;
			files = (
				832DB2692AE3E62B0059C59A /* LaunchScreen.storyboard in Resources */,
				832DB2662AE3E62B0059C59A /* Assets.xcassets in Resources */,
				83A815672AEBD9F100ECEF48 /* EVTableViewCell.xib in Resources */,
				832DB2642AE3E6220059C59A /* Main.storyboard in Resources */,
				835D041C2AED51E500A329D6 /* EVProfileHeaderTableViewCell.xib in Resources */,
			);
			runOnlyForDeploymentPostprocessing = 0;
		};
/* End PBXResourcesBuildPhase section */

/* Begin PBXSourcesBuildPhase section */
		832DB2552AE3E6220059C59A /* Sources */ = {
			isa = PBXSourcesBuildPhase;
			buildActionMask = 2147483647;
			files = (
				838D08602AEE2042005F28C3 /* HubModel.swift in Sources */,
				83A35D3C2AE8E5A2005B1D1E /* InitialViewController.swift in Sources */,
				83C75F5D2AE8D4DE00A343D1 /* AlertControllerManager.swift in Sources */,
				83A815602AEBD49300ECEF48 /* EVProfileViewController.swift in Sources */,
				83C75F632AE8D7E500A343D1 /* SignUpViewModel.swift in Sources */,
				832DB2742AE3F8050059C59A /* AddPinViewController.swift in Sources */,
				83ABC2732AE6A1C10090818C /* UserDefaultsManager.swift in Sources */,
				832DB2612AE3E6220059C59A /* MapViewController.swift in Sources */,
				83C75F5B2AE8D46D00A343D1 /* EVHelper.swift in Sources */,
				83D4371E2AED5B3A005F494F /* LaunchScreenViewControler.swift in Sources */,
				83C75F652AE8D7F500A343D1 /* LoginViewModel.swift in Sources */,
				83A35D422AE90095005B1D1E /* UserModel.swift in Sources */,
				83A815662AEBD9F100ECEF48 /* EVTableViewCell.swift in Sources */,
				832DB25D2AE3E6220059C59A /* AppDelegate.swift in Sources */,
				83C75F612AE8D70600A343D1 /* SignUpViewController.swift in Sources */,
				83C183352AE7C4ED00AD32CB /* MapViewModel.swift in Sources */,
				832DB25F2AE3E6220059C59A /* SceneDelegate.swift in Sources */,
				83C183332AE78CED00AD32CB /* CustomAnnotation.swift in Sources */,
				838D08622AEE5C1A005F28C3 /* EVProfileViewModel.swift in Sources */,
				835D041B2AED51E500A329D6 /* EVProfileHeaderTableViewCell.swift in Sources */,
				83C75F592AE8D42300A343D1 /* Extension.swift in Sources */,
				83C75F5F2AE8D6EE00A343D1 /* LoginViewController.swift in Sources */,
			);
			runOnlyForDeploymentPostprocessing = 0;
		};
/* End PBXSourcesBuildPhase section */

/* Begin PBXVariantGroup section */
		832DB2622AE3E6220059C59A /* Main.storyboard */ = {
			isa = PBXVariantGroup;
			children = (
				832DB2632AE3E6220059C59A /* Base */,
			);
			name = Main.storyboard;
			sourceTree = "<group>";
		};
		832DB2672AE3E62B0059C59A /* LaunchScreen.storyboard */ = {
			isa = PBXVariantGroup;
			children = (
				832DB2682AE3E62B0059C59A /* Base */,
			);
			name = LaunchScreen.storyboard;
			sourceTree = "<group>";
		};
/* End PBXVariantGroup section */

/* Begin XCBuildConfiguration section */
		832DB26B2AE3E62B0059C59A /* Debug */ = {
			isa = XCBuildConfiguration;
			buildSettings = {
				ALWAYS_SEARCH_USER_PATHS = NO;
				CLANG_ANALYZER_NONNULL = YES;
				CLANG_ANALYZER_NUMBER_OBJECT_CONVERSION = YES_AGGRESSIVE;
				CLANG_CXX_LANGUAGE_STANDARD = "gnu++20";
				CLANG_ENABLE_MODULES = YES;
				CLANG_ENABLE_OBJC_ARC = YES;
				CLANG_ENABLE_OBJC_WEAK = YES;
				CLANG_WARN_BLOCK_CAPTURE_AUTORELEASING = YES;
				CLANG_WARN_BOOL_CONVERSION = YES;
				CLANG_WARN_COMMA = YES;
				CLANG_WARN_CONSTANT_CONVERSION = YES;
				CLANG_WARN_DEPRECATED_OBJC_IMPLEMENTATIONS = YES;
				CLANG_WARN_DIRECT_OBJC_ISA_USAGE = YES_ERROR;
				CLANG_WARN_DOCUMENTATION_COMMENTS = YES;
				CLANG_WARN_EMPTY_BODY = YES;
				CLANG_WARN_ENUM_CONVERSION = YES;
				CLANG_WARN_INFINITE_RECURSION = YES;
				CLANG_WARN_INT_CONVERSION = YES;
				CLANG_WARN_NON_LITERAL_NULL_CONVERSION = YES;
				CLANG_WARN_OBJC_IMPLICIT_RETAIN_SELF = YES;
				CLANG_WARN_OBJC_LITERAL_CONVERSION = YES;
				CLANG_WARN_OBJC_ROOT_CLASS = YES_ERROR;
				CLANG_WARN_QUOTED_INCLUDE_IN_FRAMEWORK_HEADER = YES;
				CLANG_WARN_RANGE_LOOP_ANALYSIS = YES;
				CLANG_WARN_STRICT_PROTOTYPES = YES;
				CLANG_WARN_SUSPICIOUS_MOVE = YES;
				CLANG_WARN_UNGUARDED_AVAILABILITY = YES_AGGRESSIVE;
				CLANG_WARN_UNREACHABLE_CODE = YES;
				CLANG_WARN__DUPLICATE_METHOD_MATCH = YES;
				COPY_PHASE_STRIP = NO;
				DEBUG_INFORMATION_FORMAT = dwarf;
				ENABLE_STRICT_OBJC_MSGSEND = YES;
				ENABLE_TESTABILITY = YES;
				GCC_C_LANGUAGE_STANDARD = gnu11;
				GCC_DYNAMIC_NO_PIC = NO;
				GCC_NO_COMMON_BLOCKS = YES;
				GCC_OPTIMIZATION_LEVEL = 0;
				GCC_PREPROCESSOR_DEFINITIONS = (
					"DEBUG=1",
					"$(inherited)",
				);
				GCC_WARN_64_TO_32_BIT_CONVERSION = YES;
				GCC_WARN_ABOUT_RETURN_TYPE = YES_ERROR;
				GCC_WARN_UNDECLARED_SELECTOR = YES;
				GCC_WARN_UNINITIALIZED_AUTOS = YES_AGGRESSIVE;
				GCC_WARN_UNUSED_FUNCTION = YES;
				GCC_WARN_UNUSED_VARIABLE = YES;
				IPHONEOS_DEPLOYMENT_TARGET = 16.2;
				MTL_ENABLE_DEBUG_INFO = INCLUDE_SOURCE;
				MTL_FAST_MATH = YES;
				ONLY_ACTIVE_ARCH = YES;
				SDKROOT = iphoneos;
				SWIFT_ACTIVE_COMPILATION_CONDITIONS = DEBUG;
				SWIFT_OPTIMIZATION_LEVEL = "-Onone";
			};
			name = Debug;
		};
		832DB26C2AE3E62B0059C59A /* Release */ = {
			isa = XCBuildConfiguration;
			buildSettings = {
				ALWAYS_SEARCH_USER_PATHS = NO;
				CLANG_ANALYZER_NONNULL = YES;
				CLANG_ANALYZER_NUMBER_OBJECT_CONVERSION = YES_AGGRESSIVE;
				CLANG_CXX_LANGUAGE_STANDARD = "gnu++20";
				CLANG_ENABLE_MODULES = YES;
				CLANG_ENABLE_OBJC_ARC = YES;
				CLANG_ENABLE_OBJC_WEAK = YES;
				CLANG_WARN_BLOCK_CAPTURE_AUTORELEASING = YES;
				CLANG_WARN_BOOL_CONVERSION = YES;
				CLANG_WARN_COMMA = YES;
				CLANG_WARN_CONSTANT_CONVERSION = YES;
				CLANG_WARN_DEPRECATED_OBJC_IMPLEMENTATIONS = YES;
				CLANG_WARN_DIRECT_OBJC_ISA_USAGE = YES_ERROR;
				CLANG_WARN_DOCUMENTATION_COMMENTS = YES;
				CLANG_WARN_EMPTY_BODY = YES;
				CLANG_WARN_ENUM_CONVERSION = YES;
				CLANG_WARN_INFINITE_RECURSION = YES;
				CLANG_WARN_INT_CONVERSION = YES;
				CLANG_WARN_NON_LITERAL_NULL_CONVERSION = YES;
				CLANG_WARN_OBJC_IMPLICIT_RETAIN_SELF = YES;
				CLANG_WARN_OBJC_LITERAL_CONVERSION = YES;
				CLANG_WARN_OBJC_ROOT_CLASS = YES_ERROR;
				CLANG_WARN_QUOTED_INCLUDE_IN_FRAMEWORK_HEADER = YES;
				CLANG_WARN_RANGE_LOOP_ANALYSIS = YES;
				CLANG_WARN_STRICT_PROTOTYPES = YES;
				CLANG_WARN_SUSPICIOUS_MOVE = YES;
				CLANG_WARN_UNGUARDED_AVAILABILITY = YES_AGGRESSIVE;
				CLANG_WARN_UNREACHABLE_CODE = YES;
				CLANG_WARN__DUPLICATE_METHOD_MATCH = YES;
				COPY_PHASE_STRIP = NO;
				DEBUG_INFORMATION_FORMAT = "dwarf-with-dsym";
				ENABLE_NS_ASSERTIONS = NO;
				ENABLE_STRICT_OBJC_MSGSEND = YES;
				GCC_C_LANGUAGE_STANDARD = gnu11;
				GCC_NO_COMMON_BLOCKS = YES;
				GCC_WARN_64_TO_32_BIT_CONVERSION = YES;
				GCC_WARN_ABOUT_RETURN_TYPE = YES_ERROR;
				GCC_WARN_UNDECLARED_SELECTOR = YES;
				GCC_WARN_UNINITIALIZED_AUTOS = YES_AGGRESSIVE;
				GCC_WARN_UNUSED_FUNCTION = YES;
				GCC_WARN_UNUSED_VARIABLE = YES;
				IPHONEOS_DEPLOYMENT_TARGET = 16.2;
				MTL_ENABLE_DEBUG_INFO = NO;
				MTL_FAST_MATH = YES;
				SDKROOT = iphoneos;
				SWIFT_COMPILATION_MODE = wholemodule;
				SWIFT_OPTIMIZATION_LEVEL = "-O";
				VALIDATE_PRODUCT = YES;
			};
			name = Release;
		};
		832DB26E2AE3E62C0059C59A /* Debug */ = {
			isa = XCBuildConfiguration;
			buildSettings = {
				ASSETCATALOG_COMPILER_APPICON_NAME = AppIcon;
				ASSETCATALOG_COMPILER_GLOBAL_ACCENT_COLOR_NAME = AccentColor;
				CODE_SIGN_STYLE = Automatic;
				CURRENT_PROJECT_VERSION = 1;
				GENERATE_INFOPLIST_FILE = YES;
				INFOPLIST_FILE = EvHuB/Info.plist;
				INFOPLIST_KEY_NSLocationWhenInUseUsageDescription = "Allow the location to get the your current location";
				INFOPLIST_KEY_UIApplicationSupportsIndirectInputEvents = YES;
				INFOPLIST_KEY_UILaunchStoryboardName = LaunchScreen.storyboard;
				INFOPLIST_KEY_UIMainStoryboardFile = Main;
				INFOPLIST_KEY_UIRequiresFullScreen = NO;
				INFOPLIST_KEY_UISupportedInterfaceOrientations_iPad = "UIInterfaceOrientationPortrait UIInterfaceOrientationPortraitUpsideDown UIInterfaceOrientationLandscapeLeft UIInterfaceOrientationLandscapeRight";
				INFOPLIST_KEY_UISupportedInterfaceOrientations_iPhone = "UIInterfaceOrientationPortrait UIInterfaceOrientationLandscapeLeft UIInterfaceOrientationLandscapeRight";
				LD_RUNPATH_SEARCH_PATHS = (
					"$(inherited)",
					"@executable_path/Frameworks",
				);
				MARKETING_VERSION = 1.0;
				PRODUCT_BUNDLE_IDENTIFIER = com.icom.EvHuB;
				PRODUCT_NAME = "$(TARGET_NAME)";
				SWIFT_EMIT_LOC_STRINGS = YES;
				SWIFT_VERSION = 5.0;
				TARGETED_DEVICE_FAMILY = "1,2";
			};
			name = Debug;
		};
		832DB26F2AE3E62C0059C59A /* Release */ = {
			isa = XCBuildConfiguration;
			buildSettings = {
				ASSETCATALOG_COMPILER_APPICON_NAME = AppIcon;
				ASSETCATALOG_COMPILER_GLOBAL_ACCENT_COLOR_NAME = AccentColor;
				CODE_SIGN_STYLE = Automatic;
				CURRENT_PROJECT_VERSION = 1;
				GENERATE_INFOPLIST_FILE = YES;
				INFOPLIST_FILE = EvHuB/Info.plist;
				INFOPLIST_KEY_NSLocationWhenInUseUsageDescription = "Allow the location to get the your current location";
				INFOPLIST_KEY_UIApplicationSupportsIndirectInputEvents = YES;
				INFOPLIST_KEY_UILaunchStoryboardName = LaunchScreen.storyboard;
				INFOPLIST_KEY_UIMainStoryboardFile = Main;
				INFOPLIST_KEY_UIRequiresFullScreen = NO;
				INFOPLIST_KEY_UISupportedInterfaceOrientations_iPad = "UIInterfaceOrientationPortrait UIInterfaceOrientationPortraitUpsideDown UIInterfaceOrientationLandscapeLeft UIInterfaceOrientationLandscapeRight";
				INFOPLIST_KEY_UISupportedInterfaceOrientations_iPhone = "UIInterfaceOrientationPortrait UIInterfaceOrientationLandscapeLeft UIInterfaceOrientationLandscapeRight";
				LD_RUNPATH_SEARCH_PATHS = (
					"$(inherited)",
					"@executable_path/Frameworks",
				);
				MARKETING_VERSION = 1.0;
				PRODUCT_BUNDLE_IDENTIFIER = com.icom.EvHuB;
				PRODUCT_NAME = "$(TARGET_NAME)";
				SWIFT_EMIT_LOC_STRINGS = YES;
				SWIFT_VERSION = 5.0;
				TARGETED_DEVICE_FAMILY = "1,2";
			};
			name = Release;
		};
/* End XCBuildConfiguration section */

/* Begin XCConfigurationList section */
		832DB2542AE3E6220059C59A /* Build configuration list for PBXProject "EvHuB" */ = {
			isa = XCConfigurationList;
			buildConfigurations = (
				832DB26B2AE3E62B0059C59A /* Debug */,
				832DB26C2AE3E62B0059C59A /* Release */,
			);
			defaultConfigurationIsVisible = 0;
			defaultConfigurationName = Release;
		};
		832DB26D2AE3E62C0059C59A /* Build configuration list for PBXNativeTarget "EvHuB" */ = {
			isa = XCConfigurationList;
			buildConfigurations = (
				832DB26E2AE3E62C0059C59A /* Debug */,
				832DB26F2AE3E62C0059C59A /* Release */,
			);
			defaultConfigurationIsVisible = 0;
			defaultConfigurationName = Release;
		};
/* End XCConfigurationList section */
	};
	rootObject = 832DB2512AE3E6220059C59A /* Project object */;
}
